
Microsoft Visual Studio Solution File, Format Version 12.00
# Visual Studio Version 17
VisualStudioVersion = 17.8.34525.116
MinimumVisualStudioVersion = 10.0.40219.1
Project("{FAE04EC0-301F-11D3-BF4B-00C04F79EFBC}") = "TheSims", "TheSims\TheSims.csproj", "{313ADF23-BB5F-4EDE-A02F-C0CFAF668E98}"
EndProject
Global
	GlobalSection(SolutionConfigurationPlatforms) = preSolution
		Debug|Any CPU = Debug|Any CPU
		Release|Any CPU = Release|Any CPU
	EndGlobalSection
	GlobalSection(ProjectConfigurationPlatforms) = postSolution
		{313ADF23-BB5F-4EDE-A02F-C0CFAF668E98}.Debug|Any CPU.ActiveCfg = Debug|Any CPU
		{313ADF23-BB5F-4EDE-A02F-C0CFAF668E98}.Debug|Any CPU.Build.0 = Debug|Any CPU
		{313ADF23-BB5F-4EDE-A02F-C0CFAF668E98}.Release|Any CPU.ActiveCfg = Release|Any CPU
		{313ADF23-BB5F-4EDE-A02F-C0CFAF668E98}.Release|Any CPU.Build.0 = Release|Any CPU
	EndGlobalSection
	GlobalSection(SolutionProperties) = preSolution
		HideSolutionNode = FALSE
	EndGlobalSection
	GlobalSection(ExtensibilityGlobals) = postSolution
		SolutionGuid = {39D01CEF-B6BA-4E5A-A42A-359EA85BA47F}
	EndGlobalSection
EndGlobal
